
Microsoft Visual Studio Solution File, Format Version 12.00
# Visual Studio Version 16
VisualStudioVersion = 16.0.32228.343
MinimumVisualStudioVersion = 10.0.40219.1
Project("{FAE04EC0-301F-11D3-BF4B-00C04F79EFBC}") = "COMP2084_Project_200478377", "COMP2084_Project_200478377\COMP2084_Project_200478377.csproj", "{F3F5A3AA-8F1F-41ED-8428-C55D92F18B32}"
EndProject
Global
	GlobalSection(SolutionConfigurationPlatforms) = preSolution
		Debug|Any CPU = Debug|Any CPU
		Release|Any CPU = Release|Any CPU
	EndGlobalSection
	GlobalSection(ProjectConfigurationPlatforms) = postSolution
		{F3F5A3AA-8F1F-41ED-8428-C55D92F18B32}.Debug|Any CPU.ActiveCfg = Debug|Any CPU
		{F3F5A3AA-8F1F-41ED-8428-C55D92F18B32}.Debug|Any CPU.Build.0 = Debug|Any CPU
		{F3F5A3AA-8F1F-41ED-8428-C55D92F18B32}.Release|Any CPU.ActiveCfg = Release|Any CPU
		{F3F5A3AA-8F1F-41ED-8428-C55D92F18B32}.Release|Any CPU.Build.0 = Release|Any CPU
	EndGlobalSection
	GlobalSection(SolutionProperties) = preSolution
		HideSolutionNode = FALSE
	EndGlobalSection
	GlobalSection(ExtensibilityGlobals) = postSolution
		SolutionGuid = {37D4F1F8-3CFE-471C-9FB2-474C2016DD7D}
	EndGlobalSection
EndGlobal
